
Microsoft Visual Studio Solution File, Format Version 12.00
# Visual Studio Version 16
VisualStudioVersion = 16.0.31515.178
MinimumVisualStudioVersion = 10.0.40219.1
Project("{FAE04EC0-301F-11D3-BF4B-00C04F79EFBC}") = "FA.JustBlog.Models", "FA.JustBlog.Models\FA.JustBlog.Models.csproj", "{35D610CD-16CD-4523-8C04-0207EF341DC2}"
EndProject
Project("{FAE04EC0-301F-11D3-BF4B-00C04F79EFBC}") = "FA.JustBlog.Data", "FA.JustBlog.Data\FA.JustBlog.Data.csproj", "{ED855CA0-3A02-44F6-B8B1-068A8F7618E2}"
EndProject
Project("{FAE04EC0-301F-11D3-BF4B-00C04F79EFBC}") = "FA.JustBlog.Common", "FA.JustBlog.Common\FA.JustBlog.Common.csproj", "{4FBAEA1E-7B56-4D3F-995F-92A141724377}"
EndProject
Project("{FAE04EC0-301F-11D3-BF4B-00C04F79EFBC}") = "FA.JustBlog.Services", "FA.JustBlog.Services\FA.JustBlog.Services.csproj", "{D513F591-D8AA-4E5E-A296-13AAC1757B4D}"
EndProject
Global
	GlobalSection(SolutionConfigurationPlatforms) = preSolution
		Debug|Any CPU = Debug|Any CPU
		Release|Any CPU = Release|Any CPU
	EndGlobalSection
	GlobalSection(ProjectConfigurationPlatforms) = postSolution
		{35D610CD-16CD-4523-8C04-0207EF341DC2}.Debug|Any CPU.ActiveCfg = Debug|Any CPU
		{35D610CD-16CD-4523-8C04-0207EF341DC2}.Debug|Any CPU.Build.0 = Debug|Any CPU
		{35D610CD-16CD-4523-8C04-0207EF341DC2}.Release|Any CPU.ActiveCfg = Release|Any CPU
		{35D610CD-16CD-4523-8C04-0207EF341DC2}.Release|Any CPU.Build.0 = Release|Any CPU
		{ED855CA0-3A02-44F6-B8B1-068A8F7618E2}.Debug|Any CPU.ActiveCfg = Debug|Any CPU
		{ED855CA0-3A02-44F6-B8B1-068A8F7618E2}.Debug|Any CPU.Build.0 = Debug|Any CPU
		{ED855CA0-3A02-44F6-B8B1-068A8F7618E2}.Release|Any CPU.ActiveCfg = Release|Any CPU
		{ED855CA0-3A02-44F6-B8B1-068A8F7618E2}.Release|Any CPU.Build.0 = Release|Any CPU
		{4FBAEA1E-7B56-4D3F-995F-92A141724377}.Debug|Any CPU.ActiveCfg = Debug|Any CPU
		{4FBAEA1E-7B56-4D3F-995F-92A141724377}.Debug|Any CPU.Build.0 = Debug|Any CPU
		{4FBAEA1E-7B56-4D3F-995F-92A141724377}.Release|Any CPU.ActiveCfg = Release|Any CPU
		{4FBAEA1E-7B56-4D3F-995F-92A141724377}.Release|Any CPU.Build.0 = Release|Any CPU
		{D513F591-D8AA-4E5E-A296-13AAC1757B4D}.Debug|Any CPU.ActiveCfg = Debug|Any CPU
		{D513F591-D8AA-4E5E-A296-13AAC1757B4D}.Debug|Any CPU.Build.0 = Debug|Any CPU
		{D513F591-D8AA-4E5E-A296-13AAC1757B4D}.Release|Any CPU.ActiveCfg = Release|Any CPU
		{D513F591-D8AA-4E5E-A296-13AAC1757B4D}.Release|Any CPU.Build.0 = Release|Any CPU
	EndGlobalSection
	GlobalSection(SolutionProperties) = preSolution
		HideSolutionNode = FALSE
	EndGlobalSection
	GlobalSection(ExtensibilityGlobals) = postSolution
		SolutionGuid = {B11CD92F-0EC2-41B0-9B9A-04696F2F81F5}
	EndGlobalSection
EndGlobal
